
Microsoft Visual Studio Solution File, Format Version 12.00
# Visual Studio Version 16
VisualStudioVersion = 16.0.29926.136
MinimumVisualStudioVersion = 10.0.40219.1
Project("{2150E333-8FDC-42A3-9474-1A3956D46DE8}") = "Application", "Application", "{4A5C81C6-6FAE-4EE8-8AB3-A6CB27B2260A}"
EndProject
Project("{2150E333-8FDC-42A3-9474-1A3956D46DE8}") = "Domain", "Domain", "{E0199DB6-7BAE-43EA-9CE6-76C83C4C7CBD}"
EndProject
Project("{2150E333-8FDC-42A3-9474-1A3956D46DE8}") = "Infrastructure", "Infrastructure", "{89493283-1CAA-4C0C-B062-3E9DB6538E22}"
EndProject
Project("{2150E333-8FDC-42A3-9474-1A3956D46DE8}") = "WebApi", "WebApi", "{F9604F37-FFC3-4DFD-8258-8C0B68FD8BB8}"
EndProject
Project("{9A19103F-16F7-4668-BE54-9A1E7A4F7556}") = "IFramework.Application", "Application\Application\IFramework.Application.csproj", "{A0AE65B7-A985-4072-930E-DD332E99BBEE}"
EndProject
Project("{2150E333-8FDC-42A3-9474-1A3956D46DE8}") = "Contract", "Contract", "{D78D89BA-ACC1-48D6-98E9-696899CC0D06}"
EndProject
Project("{2150E333-8FDC-42A3-9474-1A3956D46DE8}") = "Core", "Core", "{55744DF1-B921-4950-BA2E-A0FC4BA96885}"
EndProject
Project("{9A19103F-16F7-4668-BE54-9A1E7A4F7556}") = "IFramework.Application.Core", "Application\Core\IFramework.Application.Core.csproj", "{B3FA3E40-ED95-4A33-B0CE-4A7E2A995156}"
EndProject
Project("{2150E333-8FDC-42A3-9474-1A3956D46DE8}") = "Core", "Core", "{C956A806-4450-4E2A-8A27-1C99C755228A}"
EndProject
Project("{9A19103F-16F7-4668-BE54-9A1E7A4F7556}") = "IFramework.Application.Contract", "Application\Contract\Contract\IFramework.Application.Contract.csproj", "{73B4F2DD-A85C-404C-810D-911877401EEB}"
EndProject
Project("{9A19103F-16F7-4668-BE54-9A1E7A4F7556}") = "IFramework.Application.Contract.Core", "Application\Contract\Core\IFramework.Application.Contract.Core.csproj", "{5F81D0F0-3283-47D4-B61E-1538E956A6F4}"
EndProject
Project("{2150E333-8FDC-42A3-9474-1A3956D46DE8}") = "Core", "Core", "{54F45C64-E410-4128-90F7-5DC1C533DCB3}"
EndProject
Project("{9A19103F-16F7-4668-BE54-9A1E7A4F7556}") = "IFramework.Domain.Core", "Domain\Core\IFramework.Domain.Core.csproj", "{37E3F015-0D90-4B59-AC14-04E0289132FE}"
EndProject
Project("{9A19103F-16F7-4668-BE54-9A1E7A4F7556}") = "IFramework.Domain", "Domain\Domain\IFramework.Domain.csproj", "{8D8E3C5A-1C2F-4A4D-AA78-42BF9094D1A7}"
	ProjectSection(ProjectDependencies) = postProject
		{37E3F015-0D90-4B59-AC14-04E0289132FE} = {37E3F015-0D90-4B59-AC14-04E0289132FE}
	EndProjectSection
EndProject
Project("{2150E333-8FDC-42A3-9474-1A3956D46DE8}") = "Constants", "Constants", "{A82E22B3-35EE-49E4-8FF2-063685EB9EE4}"
EndProject
Project("{2150E333-8FDC-42A3-9474-1A3956D46DE8}") = "Persistence", "Persistence", "{3865F05F-BB35-4F12-985B-A740A3DF1291}"
EndProject
Project("{2150E333-8FDC-42A3-9474-1A3956D46DE8}") = "Transversal", "Transversal", "{E89EBEF8-8CAF-48B4-BB00-1002A81F28B9}"
EndProject
Project("{9A19103F-16F7-4668-BE54-9A1E7A4F7556}") = "IFramework.Infrastructure.Constants", "Insfrastructure\Constants\Constants\IFramework.Infrastructure.Constants.csproj", "{383D0A3F-EAA3-4D06-866A-B66ACD7490FA}"
EndProject
Project("{2150E333-8FDC-42A3-9474-1A3956D46DE8}") = "Exception", "Exception", "{BC71FAA7-AAFD-4288-8F76-036821BA0C12}"
EndProject
Project("{9A19103F-16F7-4668-BE54-9A1E7A4F7556}") = "IFramework.Infrastructure.Constants.Exception", "Insfrastructure\Constants\Exception\IFramework.Infrastructure.Constants.Exception.csproj", "{0B703116-4C3F-4E2A-9EF2-FA6D31DBF576}"
EndProject
Project("{9A19103F-16F7-4668-BE54-9A1E7A4F7556}") = "IFramework.Infrastructure.Persistence", "Insfrastructure\Persistence\Persistence\IFramework.Infrastructure.Persistence.csproj", "{9BF2365A-6576-4877-B52F-490CB51D953A}"
EndProject
Project("{2150E333-8FDC-42A3-9474-1A3956D46DE8}") = "EFCore", "EFCore", "{1B16ED2A-6CE1-4C6A-A6C4-617145826099}"
EndProject
Project("{2150E333-8FDC-42A3-9474-1A3956D46DE8}") = "FNibernate", "FNibernate", "{E8A67624-833B-4920-A7B9-19CCB408C4BF}"
EndProject
Project("{2150E333-8FDC-42A3-9474-1A3956D46DE8}") = "UnitOfWork", "UnitOfWork", "{0736C340-83A6-4544-8EE1-46229A26F082}"
EndProject
Project("{9A19103F-16F7-4668-BE54-9A1E7A4F7556}") = "IFramework.Infrastructure.Persistence.UnitOfWork", "Insfrastructure\Persistence\UnitOfWork\IFramework.Infrastructure.Persistence.UnitOfWork.csproj", "{1C64B1AF-86AA-42E7-A33D-E6D1983F94D2}"
EndProject
Project("{9A19103F-16F7-4668-BE54-9A1E7A4F7556}") = "IFramework.Infrastructure.Persistence.FNhibernate", "Insfrastructure\Persistence\FNibernate\IFramework.Infrastructure.Persistence.FNhibernate.csproj", "{511D2B9D-4536-4A11-8265-B45A3C0FEFCD}"
EndProject
Project("{9A19103F-16F7-4668-BE54-9A1E7A4F7556}") = "IFramework.Infrastructure.Persistence.EFCore", "Insfrastructure\Persistence\EFCore\IFramework.Infrastructure.Persistence.EFCore.csproj", "{E9F61E2C-9DB2-42BD-9DF7-A18FE3C07463}"
EndProject
Project("{2150E333-8FDC-42A3-9474-1A3956D46DE8}") = "Aspect", "Aspect", "{289DAE67-1617-467E-A330-9AE57D384231}"
EndProject
Project("{2150E333-8FDC-42A3-9474-1A3956D46DE8}") = "Cache", "Cache", "{C5038128-3B5D-4E19-A9B3-847DA9E3A085}"
EndProject
Project("{2150E333-8FDC-42A3-9474-1A3956D46DE8}") = "Exception", "Exception", "{3FC7E125-6D5F-460C-A99A-F788AA9B2F33}"
EndProject
Project("{2150E333-8FDC-42A3-9474-1A3956D46DE8}") = "Logger", "Logger", "{1A76E288-79B2-4181-8D23-091EA1239F07}"
EndProject
Project("{2150E333-8FDC-42A3-9474-1A3956D46DE8}") = "Mapper", "Mapper", "{40C0876A-6C9A-43DA-927F-AE5DCC685BBD}"
EndProject
Project("{2150E333-8FDC-42A3-9474-1A3956D46DE8}") = "UnitOfWork", "UnitOfWork", "{E010C51B-0171-4E74-9ACD-43CAD2A97107}"
EndProject
Project("{9A19103F-16F7-4668-BE54-9A1E7A4F7556}") = "IFramework.Infrastructure.Transversal.Cache", "Insfrastructure\Transversal\Aspect\Cache\Cache\IFramework.Infrastructure.Transversal.Cache.csproj", "{3C453608-62B6-4552-B2AC-FB0A0C8361F1}"
EndProject
Project("{9A19103F-16F7-4668-BE54-9A1E7A4F7556}") = "IFramework.Infrastructure.Transversal.Aspect.ExceptionAspect", "Insfrastructure\Transversal\Aspect\Exception\IFramework.Infrastructure.Transversal.Aspect.ExceptionAspect.csproj", "{74187585-AFE7-4F5C-B608-FE1629F277F0}"
EndProject
Project("{9A19103F-16F7-4668-BE54-9A1E7A4F7556}") = "IFramework.Infrastructure.Transversal.Aspect.Log", "Insfrastructure\Transversal\Aspect\Logger\IFramework.Infrastructure.Transversal.Aspect.Log.csproj", "{A02E798E-DDC4-469C-93D6-8E63319EF6BB}"
EndProject
Project("{2150E333-8FDC-42A3-9474-1A3956D46DE8}") = "AutoMapper", "AutoMapper", "{8665ECB6-A6E7-45E7-948E-95683DA3930E}"
EndProject
Project("{2150E333-8FDC-42A3-9474-1A3956D46DE8}") = "IoC", "IoC", "{A06E6A34-41F1-483D-A22B-8DF7191C66BA}"
EndProject
Project("{2150E333-8FDC-42A3-9474-1A3956D46DE8}") = "CastleWindsor", "CastleWindsor", "{A1467B97-48F2-40C8-BAA1-9A9862E7552B}"
EndProject
Project("{2150E333-8FDC-42A3-9474-1A3956D46DE8}") = "IoCResolver", "IoCResolver", "{C6EED5CB-40A3-4299-B8E1-48FA5FAA28AA}"
EndProject
Project("{2150E333-8FDC-42A3-9474-1A3956D46DE8}") = "IoCInstaller", "IoCInstaller", "{D0DB5C92-3A7C-4F29-AADF-10641098EC8B}"
EndProject
Project("{9A19103F-16F7-4668-BE54-9A1E7A4F7556}") = "IFramework.Infrastructure.Transversal.IoC.CastleWindsor.IoCInstaller", "Insfrastructure\Transversal\IoC\CastleWindsor\IoCInstaller\IFramework.Infrastructure.Transversal.IoC.CastleWindsor.IoCInstaller.csproj", "{921FD021-4E6D-4B76-9062-F905EC9F45B0}"
EndProject
Project("{9A19103F-16F7-4668-BE54-9A1E7A4F7556}") = "IFramework.Infrastructure.Transversal.IoC.CastleWindsor.IoCResolver", "Insfrastructure\Transversal\IoC\CastleWindsor\IoCResolver\IFramework.Infrastructure.Transversal.IoC.CastleWindsor.IoCResolver.csproj", "{31843A65-694F-4370-8A67-D82C1A271AB7}"
EndProject
Project("{2150E333-8FDC-42A3-9474-1A3956D46DE8}") = "Logger", "Logger", "{5000DEC9-3DC6-42DB-9B5F-A0418A54891F}"
EndProject
Project("{9A19103F-16F7-4668-BE54-9A1E7A4F7556}") = "IFramework.Infrastructure.Transversal.Logger", "Insfrastructure\Transversal\Logger\Logger\IFramework.Infrastructure.Transversal.Logger.csproj", "{B15374FA-FC8F-4BC0-A26A-FD4C97C8E870}"
EndProject
Project("{2150E333-8FDC-42A3-9474-1A3956D46DE8}") = "NLog", "NLog", "{FC5E25E0-D26F-4483-9BA2-FD3AB5D1E63A}"
EndProject
Project("{9A19103F-16F7-4668-BE54-9A1E7A4F7556}") = "IFramework.Infra.Transversal.Log.NLog", "Insfrastructure\Transversal\Logger\NLog\IFramework.Infra.Transversal.Log.NLog.csproj", "{DFD2EF21-14E7-494E-97C9-36ED9863C6A8}"
EndProject
Project("{2150E333-8FDC-42A3-9474-1A3956D46DE8}") = "Mapper", "Mapper", "{5135ED83-90E5-4425-9D59-29F757D8EEBC}"
EndProject
Project("{9A19103F-16F7-4668-BE54-9A1E7A4F7556}") = "IFramework.Infrastructure.Transversal.Map", "Insfrastructure\Transversal\Mapper\Mapper\IFramework.Infrastructure.Transversal.Map.csproj", "{400832E6-D433-476E-822E-FD1C1D425630}"
EndProject
Project("{2150E333-8FDC-42A3-9474-1A3956D46DE8}") = "AutoMapper", "AutoMapper", "{A768E17C-9DD4-4848-8573-749A9462C46D}"
EndProject
Project("{9A19103F-16F7-4668-BE54-9A1E7A4F7556}") = "IFramework.Infrastructure.Transversal.Mapper.AutoMapper", "Insfrastructure\Transversal\Mapper\AutoMapper\IFramework.Infrastructure.Transversal.Mapper.AutoMapper.csproj", "{442E546D-F1C2-4BE5-987B-66BE9AA99F20}"
EndProject
Project("{2150E333-8FDC-42A3-9474-1A3956D46DE8}") = "Resource", "Resource", "{1AFBD6B7-D0A5-4F1E-A1A4-BE50F12E2EA5}"
EndProject
Project("{9A19103F-16F7-4668-BE54-9A1E7A4F7556}") = "IFramework.Infrastructure.Transversal.Resources", "Insfrastructure\Transversal\Resource\IFramework.Infrastructure.Transversal.Resources.csproj", "{5ACA8489-39E5-4D56-8A86-AED4BA13CB6A}"
EndProject
Project("{2150E333-8FDC-42A3-9474-1A3956D46DE8}") = "Utility", "Utility", "{B8E6AF10-7A34-4416-A24C-C6FAD5A28BA3}"
EndProject
Project("{9A19103F-16F7-4668-BE54-9A1E7A4F7556}") = "IFramework.Infrastructure.Utility", "Insfrastructure\Transversal\Utility\IFramework.Infrastructure.Utility.csproj", "{38C25476-613E-4BAE-BF32-91C21A583132}"
EndProject
Project("{2150E333-8FDC-42A3-9474-1A3956D46DE8}") = "Core", "Core", "{C0458FDA-DD8C-4A99-BC2F-7D7194167C42}"
EndProject
Project("{9A19103F-16F7-4668-BE54-9A1E7A4F7556}") = "IFramework.Api.Core", "WebApi\Core\IFramework.Api.Core.csproj", "{CC7946D7-CC03-467E-8092-99F88BF3A5EE}"
EndProject
Project("{9A19103F-16F7-4668-BE54-9A1E7A4F7556}") = "IFramework.WebApi", "WebApi\WebApiTest\IFramework.WebApi.csproj", "{0C308ABC-9118-4CE9-89F9-29D80EB77FEF}"
EndProject
Project("{2150E333-8FDC-42A3-9474-1A3956D46DE8}") = "Docker", "Docker", "{C011EA3F-8BE6-4B4F-BE7F-E57000E2504F}"
EndProject
Project("{E53339B2-1760-4266-BCC7-CA923CBCF16C}") = "docker-compose", "Docker\docker-compose.dcproj", "{F5EB5FF1-1011-4876-8178-6DAC1307BA60}"
EndProject
Project("{9A19103F-16F7-4668-BE54-9A1E7A4F7556}") = "IFramework.Infrastructure.Transversal.Cache.Redis.Config", "Insfrastructure\Transversal\Aspect\Cache\Redis\IFramework.Infrastructure.Transversal.Cache.Redis.Config\IFramework.Infrastructure.Transversal.Cache.Redis.Config.csproj", "{5C501729-D802-4253-AC6F-37A145CF1B5B}"
EndProject
Project("{2150E333-8FDC-42A3-9474-1A3956D46DE8}") = "Redis", "Redis", "{1FE9E9CB-1B73-4B22-BC6F-0FFBFAC5F87C}"
EndProject
Project("{9A19103F-16F7-4668-BE54-9A1E7A4F7556}") = "IFramework.Infrastructure.Transversal.Cache.Redis.Service", "Insfrastructure\Transversal\Aspect\Cache\Redis\IFramework.Infrastructure.Transversal.Cache.Redis.Service\IFramework.Infrastructure.Transversal.Cache.Redis.Service.csproj", "{7CFE6516-6E88-4CD7-A886-B851E102531D}"
EndProject
Project("{2150E333-8FDC-42A3-9474-1A3956D46DE8}") = "InMem", "InMem", "{4BF19CEF-0574-4B61-8D1C-65D870FC264C}"
EndProject
Project("{9A19103F-16F7-4668-BE54-9A1E7A4F7556}") = "IFramework.Infrastrucutre.Transversal.Cache.InMem.Service", "Insfrastructure\Transversal\Aspect\Cache\InMem\IFramework.Infrastrucutre.Transversal.Cache.InMem.Service\IFramework.Infrastrucutre.Transversal.Cache.InMem.Service.csproj", "{52EB57BE-331B-411F-ABD1-4147CE73CA92}"
EndProject
Project("{2150E333-8FDC-42A3-9474-1A3956D46DE8}") = "Validation", "Validation", "{D91FDFB5-D23A-4F52-9694-C7B1FBBD5970}"
EndProject
Project("{2150E333-8FDC-42A3-9474-1A3956D46DE8}") = "Fluent", "Fluent", "{7DC09B90-E2A6-41BF-A7DC-B411514BC719}"
EndProject
Project("{9A19103F-16F7-4668-BE54-9A1E7A4F7556}") = "IFramework.Infra.Transversal.Validation.Fluent", "Insfrastructure\Transversal\Aspect\Validation\Fluent\IFramework.Infra.Transversal.Validation.Fluent\IFramework.Infra.Transversal.Validation.Fluent.csproj", "{C6A1E8D5-806F-452F-9B34-5A38C123F753}"
EndProject
Project("{9A19103F-16F7-4668-BE54-9A1E7A4F7556}") = "IFramework.Infra.Transversal.Validation", "Insfrastructure\Transversal\Aspect\Validation\IFramework.Infra.Transversal.Validation\IFramework.Infra.Transversal.Validation.csproj", "{810C4F53-81DC-43AB-8D68-337CE46787CF}"
EndProject
Project("{2150E333-8FDC-42A3-9474-1A3956D46DE8}") = "Authorization", "Authorization", "{977D9AC2-0100-4014-B842-89F48F9F94D2}"
EndProject
Project("{9A19103F-16F7-4668-BE54-9A1E7A4F7556}") = "IFramework.Infrastructure.Transversal.Aspect.Authorization", "Insfrastructure\Transversal\Aspect\Authorization\IFramework.Infrastructure.Transversal.Aspect.Authorization\IFramework.Infrastructure.Transversal.Aspect.Authorization.csproj", "{23865BA1-8DD9-46AC-AD68-8949C33C1315}"
EndProject
Project("{9A19103F-16F7-4668-BE54-9A1E7A4F7556}") = "IFramework.Infrastructure.Transversal.Aspect.UnitOfWork", "Insfrastructure\Transversal\Aspect\UnitOfWork\IFramework.Infrastructure.Transversal.Aspect.UnitOfWork\IFramework.Infrastructure.Transversal.Aspect.UnitOfWork.csproj", "{DC86798B-027F-48E9-B900-6E27EA9370A6}"
EndProject
Project("{2150E333-8FDC-42A3-9474-1A3956D46DE8}") = "elk", "elk", "{3AEA534C-C624-4C0F-BE39-74F3F62EF399}"
EndProject
Project("{2150E333-8FDC-42A3-9474-1A3956D46DE8}") = "logstash", "logstash", "{26A0AE68-B42F-41D8-84AB-F9D9EEC55186}"
	ProjectSection(SolutionItems) = preProject
		Docker\elk\logstash\logstash.conf = Docker\elk\logstash\logstash.conf
	EndProjectSection
EndProject
Project("{2150E333-8FDC-42A3-9474-1A3956D46DE8}") = "kibana", "kibana", "{71EFF747-C2EC-4066-B4DF-996001E1A8B0}"
	ProjectSection(SolutionItems) = preProject
		Docker\elk\kibana\kibana.yml = Docker\elk\kibana\kibana.yml
	EndProjectSection
EndProject
Project("{2150E333-8FDC-42A3-9474-1A3956D46DE8}") = "elasticsearch", "elasticsearch", "{E92BFC0C-240E-45FE-A7D1-36A4CCF9E0C8}"
	ProjectSection(SolutionItems) = preProject
		Docker\elk\elasticsearch\elasticsearch.yml = Docker\elk\elasticsearch\elasticsearch.yml
	EndProjectSection
EndProject
Global
	GlobalSection(SolutionConfigurationPlatforms) = preSolution
		Debug|Any CPU = Debug|Any CPU
		Release|Any CPU = Release|Any CPU
	EndGlobalSection
	GlobalSection(ProjectConfigurationPlatforms) = postSolution
		{A0AE65B7-A985-4072-930E-DD332E99BBEE}.Debug|Any CPU.ActiveCfg = Debug|Any CPU
		{A0AE65B7-A985-4072-930E-DD332E99BBEE}.Debug|Any CPU.Build.0 = Debug|Any CPU
		{A0AE65B7-A985-4072-930E-DD332E99BBEE}.Release|Any CPU.ActiveCfg = Release|Any CPU
		{A0AE65B7-A985-4072-930E-DD332E99BBEE}.Release|Any CPU.Build.0 = Release|Any CPU
		{B3FA3E40-ED95-4A33-B0CE-4A7E2A995156}.Debug|Any CPU.ActiveCfg = Debug|Any CPU
		{B3FA3E40-ED95-4A33-B0CE-4A7E2A995156}.Debug|Any CPU.Build.0 = Debug|Any CPU
		{B3FA3E40-ED95-4A33-B0CE-4A7E2A995156}.Release|Any CPU.ActiveCfg = Release|Any CPU
		{B3FA3E40-ED95-4A33-B0CE-4A7E2A995156}.Release|Any CPU.Build.0 = Release|Any CPU
		{73B4F2DD-A85C-404C-810D-911877401EEB}.Debug|Any CPU.ActiveCfg = Debug|Any CPU
		{73B4F2DD-A85C-404C-810D-911877401EEB}.Debug|Any CPU.Build.0 = Debug|Any CPU
		{73B4F2DD-A85C-404C-810D-911877401EEB}.Release|Any CPU.ActiveCfg = Release|Any CPU
		{73B4F2DD-A85C-404C-810D-911877401EEB}.Release|Any CPU.Build.0 = Release|Any CPU
		{5F81D0F0-3283-47D4-B61E-1538E956A6F4}.Debug|Any CPU.ActiveCfg = Debug|Any CPU
		{5F81D0F0-3283-47D4-B61E-1538E956A6F4}.Debug|Any CPU.Build.0 = Debug|Any CPU
		{5F81D0F0-3283-47D4-B61E-1538E956A6F4}.Release|Any CPU.ActiveCfg = Release|Any CPU
		{5F81D0F0-3283-47D4-B61E-1538E956A6F4}.Release|Any CPU.Build.0 = Release|Any CPU
		{37E3F015-0D90-4B59-AC14-04E0289132FE}.Debug|Any CPU.ActiveCfg = Debug|Any CPU
		{37E3F015-0D90-4B59-AC14-04E0289132FE}.Debug|Any CPU.Build.0 = Debug|Any CPU
		{37E3F015-0D90-4B59-AC14-04E0289132FE}.Release|Any CPU.ActiveCfg = Release|Any CPU
		{37E3F015-0D90-4B59-AC14-04E0289132FE}.Release|Any CPU.Build.0 = Release|Any CPU
		{8D8E3C5A-1C2F-4A4D-AA78-42BF9094D1A7}.Debug|Any CPU.ActiveCfg = Debug|Any CPU
		{8D8E3C5A-1C2F-4A4D-AA78-42BF9094D1A7}.Debug|Any CPU.Build.0 = Debug|Any CPU
		{8D8E3C5A-1C2F-4A4D-AA78-42BF9094D1A7}.Release|Any CPU.ActiveCfg = Release|Any CPU
		{8D8E3C5A-1C2F-4A4D-AA78-42BF9094D1A7}.Release|Any CPU.Build.0 = Release|Any CPU
		{383D0A3F-EAA3-4D06-866A-B66ACD7490FA}.Debug|Any CPU.ActiveCfg = Debug|Any CPU
		{383D0A3F-EAA3-4D06-866A-B66ACD7490FA}.Debug|Any CPU.Build.0 = Debug|Any CPU
		{383D0A3F-EAA3-4D06-866A-B66ACD7490FA}.Release|Any CPU.ActiveCfg = Release|Any CPU
		{383D0A3F-EAA3-4D06-866A-B66ACD7490FA}.Release|Any CPU.Build.0 = Release|Any CPU
		{0B703116-4C3F-4E2A-9EF2-FA6D31DBF576}.Debug|Any CPU.ActiveCfg = Debug|Any CPU
		{0B703116-4C3F-4E2A-9EF2-FA6D31DBF576}.Debug|Any CPU.Build.0 = Debug|Any CPU
		{0B703116-4C3F-4E2A-9EF2-FA6D31DBF576}.Release|Any CPU.ActiveCfg = Release|Any CPU
		{0B703116-4C3F-4E2A-9EF2-FA6D31DBF576}.Release|Any CPU.Build.0 = Release|Any CPU
		{9BF2365A-6576-4877-B52F-490CB51D953A}.Debug|Any CPU.ActiveCfg = Debug|Any CPU
		{9BF2365A-6576-4877-B52F-490CB51D953A}.Debug|Any CPU.Build.0 = Debug|Any CPU
		{9BF2365A-6576-4877-B52F-490CB51D953A}.Release|Any CPU.ActiveCfg = Release|Any CPU
		{9BF2365A-6576-4877-B52F-490CB51D953A}.Release|Any CPU.Build.0 = Release|Any CPU
		{1C64B1AF-86AA-42E7-A33D-E6D1983F94D2}.Debug|Any CPU.ActiveCfg = Debug|Any CPU
		{1C64B1AF-86AA-42E7-A33D-E6D1983F94D2}.Debug|Any CPU.Build.0 = Debug|Any CPU
		{1C64B1AF-86AA-42E7-A33D-E6D1983F94D2}.Release|Any CPU.ActiveCfg = Release|Any CPU
		{1C64B1AF-86AA-42E7-A33D-E6D1983F94D2}.Release|Any CPU.Build.0 = Release|Any CPU
		{511D2B9D-4536-4A11-8265-B45A3C0FEFCD}.Debug|Any CPU.ActiveCfg = Debug|Any CPU
		{511D2B9D-4536-4A11-8265-B45A3C0FEFCD}.Debug|Any CPU.Build.0 = Debug|Any CPU
		{511D2B9D-4536-4A11-8265-B45A3C0FEFCD}.Release|Any CPU.ActiveCfg = Release|Any CPU
		{511D2B9D-4536-4A11-8265-B45A3C0FEFCD}.Release|Any CPU.Build.0 = Release|Any CPU
		{E9F61E2C-9DB2-42BD-9DF7-A18FE3C07463}.Debug|Any CPU.ActiveCfg = Debug|Any CPU
		{E9F61E2C-9DB2-42BD-9DF7-A18FE3C07463}.Debug|Any CPU.Build.0 = Debug|Any CPU
		{E9F61E2C-9DB2-42BD-9DF7-A18FE3C07463}.Release|Any CPU.ActiveCfg = Release|Any CPU
		{E9F61E2C-9DB2-42BD-9DF7-A18FE3C07463}.Release|Any CPU.Build.0 = Release|Any CPU
		{3C453608-62B6-4552-B2AC-FB0A0C8361F1}.Debug|Any CPU.ActiveCfg = Debug|Any CPU
		{3C453608-62B6-4552-B2AC-FB0A0C8361F1}.Debug|Any CPU.Build.0 = Debug|Any CPU
		{3C453608-62B6-4552-B2AC-FB0A0C8361F1}.Release|Any CPU.ActiveCfg = Release|Any CPU
		{3C453608-62B6-4552-B2AC-FB0A0C8361F1}.Release|Any CPU.Build.0 = Release|Any CPU
		{74187585-AFE7-4F5C-B608-FE1629F277F0}.Debug|Any CPU.ActiveCfg = Debug|Any CPU
		{74187585-AFE7-4F5C-B608-FE1629F277F0}.Debug|Any CPU.Build.0 = Debug|Any CPU
		{74187585-AFE7-4F5C-B608-FE1629F277F0}.Release|Any CPU.ActiveCfg = Release|Any CPU
		{74187585-AFE7-4F5C-B608-FE1629F277F0}.Release|Any CPU.Build.0 = Release|Any CPU
		{A02E798E-DDC4-469C-93D6-8E63319EF6BB}.Debug|Any CPU.ActiveCfg = Debug|Any CPU
		{A02E798E-DDC4-469C-93D6-8E63319EF6BB}.Debug|Any CPU.Build.0 = Debug|Any CPU
		{A02E798E-DDC4-469C-93D6-8E63319EF6BB}.Release|Any CPU.ActiveCfg = Release|Any CPU
		{A02E798E-DDC4-469C-93D6-8E63319EF6BB}.Release|Any CPU.Build.0 = Release|Any CPU
		{921FD021-4E6D-4B76-9062-F905EC9F45B0}.Debug|Any CPU.ActiveCfg = Debug|Any CPU
		{921FD021-4E6D-4B76-9062-F905EC9F45B0}.Debug|Any CPU.Build.0 = Debug|Any CPU
		{921FD021-4E6D-4B76-9062-F905EC9F45B0}.Release|Any CPU.ActiveCfg = Release|Any CPU
		{921FD021-4E6D-4B76-9062-F905EC9F45B0}.Release|Any CPU.Build.0 = Release|Any CPU
		{31843A65-694F-4370-8A67-D82C1A271AB7}.Debug|Any CPU.ActiveCfg = Debug|Any CPU
		{31843A65-694F-4370-8A67-D82C1A271AB7}.Debug|Any CPU.Build.0 = Debug|Any CPU
		{31843A65-694F-4370-8A67-D82C1A271AB7}.Release|Any CPU.ActiveCfg = Release|Any CPU
		{31843A65-694F-4370-8A67-D82C1A271AB7}.Release|Any CPU.Build.0 = Release|Any CPU
		{B15374FA-FC8F-4BC0-A26A-FD4C97C8E870}.Debug|Any CPU.ActiveCfg = Debug|Any CPU
		{B15374FA-FC8F-4BC0-A26A-FD4C97C8E870}.Debug|Any CPU.Build.0 = Debug|Any CPU
		{B15374FA-FC8F-4BC0-A26A-FD4C97C8E870}.Release|Any CPU.ActiveCfg = Release|Any CPU
		{B15374FA-FC8F-4BC0-A26A-FD4C97C8E870}.Release|Any CPU.Build.0 = Release|Any CPU
		{DFD2EF21-14E7-494E-97C9-36ED9863C6A8}.Debug|Any CPU.ActiveCfg = Debug|Any CPU
		{DFD2EF21-14E7-494E-97C9-36ED9863C6A8}.Debug|Any CPU.Build.0 = Debug|Any CPU
		{DFD2EF21-14E7-494E-97C9-36ED9863C6A8}.Release|Any CPU.ActiveCfg = Release|Any CPU
		{DFD2EF21-14E7-494E-97C9-36ED9863C6A8}.Release|Any CPU.Build.0 = Release|Any CPU
		{400832E6-D433-476E-822E-FD1C1D425630}.Debug|Any CPU.ActiveCfg = Debug|Any CPU
		{400832E6-D433-476E-822E-FD1C1D425630}.Debug|Any CPU.Build.0 = Debug|Any CPU
		{400832E6-D433-476E-822E-FD1C1D425630}.Release|Any CPU.ActiveCfg = Release|Any CPU
		{400832E6-D433-476E-822E-FD1C1D425630}.Release|Any CPU.Build.0 = Release|Any CPU
		{442E546D-F1C2-4BE5-987B-66BE9AA99F20}.Debug|Any CPU.ActiveCfg = Debug|Any CPU
		{442E546D-F1C2-4BE5-987B-66BE9AA99F20}.Debug|Any CPU.Build.0 = Debug|Any CPU
		{442E546D-F1C2-4BE5-987B-66BE9AA99F20}.Release|Any CPU.ActiveCfg = Release|Any CPU
		{442E546D-F1C2-4BE5-987B-66BE9AA99F20}.Release|Any CPU.Build.0 = Release|Any CPU
		{5ACA8489-39E5-4D56-8A86-AED4BA13CB6A}.Debug|Any CPU.ActiveCfg = Debug|Any CPU
		{5ACA8489-39E5-4D56-8A86-AED4BA13CB6A}.Debug|Any CPU.Build.0 = Debug|Any CPU
		{5ACA8489-39E5-4D56-8A86-AED4BA13CB6A}.Release|Any CPU.ActiveCfg = Release|Any CPU
		{5ACA8489-39E5-4D56-8A86-AED4BA13CB6A}.Release|Any CPU.Build.0 = Release|Any CPU
		{38C25476-613E-4BAE-BF32-91C21A583132}.Debug|Any CPU.ActiveCfg = Debug|Any CPU
		{38C25476-613E-4BAE-BF32-91C21A583132}.Debug|Any CPU.Build.0 = Debug|Any CPU
		{38C25476-613E-4BAE-BF32-91C21A583132}.Release|Any CPU.ActiveCfg = Release|Any CPU
		{38C25476-613E-4BAE-BF32-91C21A583132}.Release|Any CPU.Build.0 = Release|Any CPU
		{CC7946D7-CC03-467E-8092-99F88BF3A5EE}.Debug|Any CPU.ActiveCfg = Debug|Any CPU
		{CC7946D7-CC03-467E-8092-99F88BF3A5EE}.Debug|Any CPU.Build.0 = Debug|Any CPU
		{CC7946D7-CC03-467E-8092-99F88BF3A5EE}.Release|Any CPU.ActiveCfg = Release|Any CPU
		{CC7946D7-CC03-467E-8092-99F88BF3A5EE}.Release|Any CPU.Build.0 = Release|Any CPU
		{0C308ABC-9118-4CE9-89F9-29D80EB77FEF}.Debug|Any CPU.ActiveCfg = Debug|Any CPU
		{0C308ABC-9118-4CE9-89F9-29D80EB77FEF}.Debug|Any CPU.Build.0 = Debug|Any CPU
		{0C308ABC-9118-4CE9-89F9-29D80EB77FEF}.Release|Any CPU.ActiveCfg = Release|Any CPU
		{0C308ABC-9118-4CE9-89F9-29D80EB77FEF}.Release|Any CPU.Build.0 = Release|Any CPU
		{F5EB5FF1-1011-4876-8178-6DAC1307BA60}.Debug|Any CPU.ActiveCfg = Debug|Any CPU
		{F5EB5FF1-1011-4876-8178-6DAC1307BA60}.Debug|Any CPU.Build.0 = Debug|Any CPU
		{F5EB5FF1-1011-4876-8178-6DAC1307BA60}.Release|Any CPU.ActiveCfg = Release|Any CPU
		{F5EB5FF1-1011-4876-8178-6DAC1307BA60}.Release|Any CPU.Build.0 = Release|Any CPU
		{5C501729-D802-4253-AC6F-37A145CF1B5B}.Debug|Any CPU.ActiveCfg = Debug|Any CPU
		{5C501729-D802-4253-AC6F-37A145CF1B5B}.Debug|Any CPU.Build.0 = Debug|Any CPU
		{5C501729-D802-4253-AC6F-37A145CF1B5B}.Release|Any CPU.ActiveCfg = Release|Any CPU
		{5C501729-D802-4253-AC6F-37A145CF1B5B}.Release|Any CPU.Build.0 = Release|Any CPU
		{7CFE6516-6E88-4CD7-A886-B851E102531D}.Debug|Any CPU.ActiveCfg = Debug|Any CPU
		{7CFE6516-6E88-4CD7-A886-B851E102531D}.Debug|Any CPU.Build.0 = Debug|Any CPU
		{7CFE6516-6E88-4CD7-A886-B851E102531D}.Release|Any CPU.ActiveCfg = Release|Any CPU
		{7CFE6516-6E88-4CD7-A886-B851E102531D}.Release|Any CPU.Build.0 = Release|Any CPU
		{52EB57BE-331B-411F-ABD1-4147CE73CA92}.Debug|Any CPU.ActiveCfg = Debug|Any CPU
		{52EB57BE-331B-411F-ABD1-4147CE73CA92}.Debug|Any CPU.Build.0 = Debug|Any CPU
		{52EB57BE-331B-411F-ABD1-4147CE73CA92}.Release|Any CPU.ActiveCfg = Release|Any CPU
		{52EB57BE-331B-411F-ABD1-4147CE73CA92}.Release|Any CPU.Build.0 = Release|Any CPU
		{C6A1E8D5-806F-452F-9B34-5A38C123F753}.Debug|Any CPU.ActiveCfg = Debug|Any CPU
		{C6A1E8D5-806F-452F-9B34-5A38C123F753}.Debug|Any CPU.Build.0 = Debug|Any CPU
		{C6A1E8D5-806F-452F-9B34-5A38C123F753}.Release|Any CPU.ActiveCfg = Release|Any CPU
		{C6A1E8D5-806F-452F-9B34-5A38C123F753}.Release|Any CPU.Build.0 = Release|Any CPU
		{810C4F53-81DC-43AB-8D68-337CE46787CF}.Debug|Any CPU.ActiveCfg = Debug|Any CPU
		{810C4F53-81DC-43AB-8D68-337CE46787CF}.Debug|Any CPU.Build.0 = Debug|Any CPU
		{810C4F53-81DC-43AB-8D68-337CE46787CF}.Release|Any CPU.ActiveCfg = Release|Any CPU
		{810C4F53-81DC-43AB-8D68-337CE46787CF}.Release|Any CPU.Build.0 = Release|Any CPU
		{23865BA1-8DD9-46AC-AD68-8949C33C1315}.Debug|Any CPU.ActiveCfg = Debug|Any CPU
		{23865BA1-8DD9-46AC-AD68-8949C33C1315}.Debug|Any CPU.Build.0 = Debug|Any CPU
		{23865BA1-8DD9-46AC-AD68-8949C33C1315}.Release|Any CPU.ActiveCfg = Release|Any CPU
		{23865BA1-8DD9-46AC-AD68-8949C33C1315}.Release|Any CPU.Build.0 = Release|Any CPU
		{DC86798B-027F-48E9-B900-6E27EA9370A6}.Debug|Any CPU.ActiveCfg = Debug|Any CPU
		{DC86798B-027F-48E9-B900-6E27EA9370A6}.Debug|Any CPU.Build.0 = Debug|Any CPU
		{DC86798B-027F-48E9-B900-6E27EA9370A6}.Release|Any CPU.ActiveCfg = Release|Any CPU
		{DC86798B-027F-48E9-B900-6E27EA9370A6}.Release|Any CPU.Build.0 = Release|Any CPU
	EndGlobalSection
	GlobalSection(SolutionProperties) = preSolution
		HideSolutionNode = FALSE
	EndGlobalSection
	GlobalSection(NestedProjects) = preSolution
		{A0AE65B7-A985-4072-930E-DD332E99BBEE} = {4A5C81C6-6FAE-4EE8-8AB3-A6CB27B2260A}
		{D78D89BA-ACC1-48D6-98E9-696899CC0D06} = {4A5C81C6-6FAE-4EE8-8AB3-A6CB27B2260A}
		{55744DF1-B921-4950-BA2E-A0FC4BA96885} = {4A5C81C6-6FAE-4EE8-8AB3-A6CB27B2260A}
		{B3FA3E40-ED95-4A33-B0CE-4A7E2A995156} = {55744DF1-B921-4950-BA2E-A0FC4BA96885}
		{C956A806-4450-4E2A-8A27-1C99C755228A} = {D78D89BA-ACC1-48D6-98E9-696899CC0D06}
		{73B4F2DD-A85C-404C-810D-911877401EEB} = {D78D89BA-ACC1-48D6-98E9-696899CC0D06}
		{5F81D0F0-3283-47D4-B61E-1538E956A6F4} = {C956A806-4450-4E2A-8A27-1C99C755228A}
		{54F45C64-E410-4128-90F7-5DC1C533DCB3} = {E0199DB6-7BAE-43EA-9CE6-76C83C4C7CBD}
		{37E3F015-0D90-4B59-AC14-04E0289132FE} = {54F45C64-E410-4128-90F7-5DC1C533DCB3}
		{8D8E3C5A-1C2F-4A4D-AA78-42BF9094D1A7} = {E0199DB6-7BAE-43EA-9CE6-76C83C4C7CBD}
		{A82E22B3-35EE-49E4-8FF2-063685EB9EE4} = {89493283-1CAA-4C0C-B062-3E9DB6538E22}
		{3865F05F-BB35-4F12-985B-A740A3DF1291} = {89493283-1CAA-4C0C-B062-3E9DB6538E22}
		{E89EBEF8-8CAF-48B4-BB00-1002A81F28B9} = {89493283-1CAA-4C0C-B062-3E9DB6538E22}
		{383D0A3F-EAA3-4D06-866A-B66ACD7490FA} = {A82E22B3-35EE-49E4-8FF2-063685EB9EE4}
		{BC71FAA7-AAFD-4288-8F76-036821BA0C12} = {A82E22B3-35EE-49E4-8FF2-063685EB9EE4}
		{0B703116-4C3F-4E2A-9EF2-FA6D31DBF576} = {BC71FAA7-AAFD-4288-8F76-036821BA0C12}
		{9BF2365A-6576-4877-B52F-490CB51D953A} = {3865F05F-BB35-4F12-985B-A740A3DF1291}
		{1B16ED2A-6CE1-4C6A-A6C4-617145826099} = {3865F05F-BB35-4F12-985B-A740A3DF1291}
		{E8A67624-833B-4920-A7B9-19CCB408C4BF} = {3865F05F-BB35-4F12-985B-A740A3DF1291}
		{0736C340-83A6-4544-8EE1-46229A26F082} = {3865F05F-BB35-4F12-985B-A740A3DF1291}
		{1C64B1AF-86AA-42E7-A33D-E6D1983F94D2} = {0736C340-83A6-4544-8EE1-46229A26F082}
		{511D2B9D-4536-4A11-8265-B45A3C0FEFCD} = {E8A67624-833B-4920-A7B9-19CCB408C4BF}
		{E9F61E2C-9DB2-42BD-9DF7-A18FE3C07463} = {1B16ED2A-6CE1-4C6A-A6C4-617145826099}
		{289DAE67-1617-467E-A330-9AE57D384231} = {E89EBEF8-8CAF-48B4-BB00-1002A81F28B9}
		{C5038128-3B5D-4E19-A9B3-847DA9E3A085} = {289DAE67-1617-467E-A330-9AE57D384231}
		{3FC7E125-6D5F-460C-A99A-F788AA9B2F33} = {289DAE67-1617-467E-A330-9AE57D384231}
		{1A76E288-79B2-4181-8D23-091EA1239F07} = {289DAE67-1617-467E-A330-9AE57D384231}
		{40C0876A-6C9A-43DA-927F-AE5DCC685BBD} = {289DAE67-1617-467E-A330-9AE57D384231}
		{E010C51B-0171-4E74-9ACD-43CAD2A97107} = {289DAE67-1617-467E-A330-9AE57D384231}
		{3C453608-62B6-4552-B2AC-FB0A0C8361F1} = {C5038128-3B5D-4E19-A9B3-847DA9E3A085}
		{74187585-AFE7-4F5C-B608-FE1629F277F0} = {3FC7E125-6D5F-460C-A99A-F788AA9B2F33}
		{A02E798E-DDC4-469C-93D6-8E63319EF6BB} = {1A76E288-79B2-4181-8D23-091EA1239F07}
		{8665ECB6-A6E7-45E7-948E-95683DA3930E} = {40C0876A-6C9A-43DA-927F-AE5DCC685BBD}
		{A06E6A34-41F1-483D-A22B-8DF7191C66BA} = {E89EBEF8-8CAF-48B4-BB00-1002A81F28B9}
		{A1467B97-48F2-40C8-BAA1-9A9862E7552B} = {A06E6A34-41F1-483D-A22B-8DF7191C66BA}
		{C6EED5CB-40A3-4299-B8E1-48FA5FAA28AA} = {A1467B97-48F2-40C8-BAA1-9A9862E7552B}
		{D0DB5C92-3A7C-4F29-AADF-10641098EC8B} = {A1467B97-48F2-40C8-BAA1-9A9862E7552B}
		{921FD021-4E6D-4B76-9062-F905EC9F45B0} = {D0DB5C92-3A7C-4F29-AADF-10641098EC8B}
		{31843A65-694F-4370-8A67-D82C1A271AB7} = {C6EED5CB-40A3-4299-B8E1-48FA5FAA28AA}
		{5000DEC9-3DC6-42DB-9B5F-A0418A54891F} = {E89EBEF8-8CAF-48B4-BB00-1002A81F28B9}
		{B15374FA-FC8F-4BC0-A26A-FD4C97C8E870} = {5000DEC9-3DC6-42DB-9B5F-A0418A54891F}
		{FC5E25E0-D26F-4483-9BA2-FD3AB5D1E63A} = {5000DEC9-3DC6-42DB-9B5F-A0418A54891F}
		{DFD2EF21-14E7-494E-97C9-36ED9863C6A8} = {FC5E25E0-D26F-4483-9BA2-FD3AB5D1E63A}
		{5135ED83-90E5-4425-9D59-29F757D8EEBC} = {E89EBEF8-8CAF-48B4-BB00-1002A81F28B9}
		{400832E6-D433-476E-822E-FD1C1D425630} = {5135ED83-90E5-4425-9D59-29F757D8EEBC}
		{A768E17C-9DD4-4848-8573-749A9462C46D} = {5135ED83-90E5-4425-9D59-29F757D8EEBC}
		{442E546D-F1C2-4BE5-987B-66BE9AA99F20} = {A768E17C-9DD4-4848-8573-749A9462C46D}
		{1AFBD6B7-D0A5-4F1E-A1A4-BE50F12E2EA5} = {E89EBEF8-8CAF-48B4-BB00-1002A81F28B9}
		{5ACA8489-39E5-4D56-8A86-AED4BA13CB6A} = {1AFBD6B7-D0A5-4F1E-A1A4-BE50F12E2EA5}
		{B8E6AF10-7A34-4416-A24C-C6FAD5A28BA3} = {E89EBEF8-8CAF-48B4-BB00-1002A81F28B9}
		{38C25476-613E-4BAE-BF32-91C21A583132} = {B8E6AF10-7A34-4416-A24C-C6FAD5A28BA3}
		{C0458FDA-DD8C-4A99-BC2F-7D7194167C42} = {F9604F37-FFC3-4DFD-8258-8C0B68FD8BB8}
		{CC7946D7-CC03-467E-8092-99F88BF3A5EE} = {C0458FDA-DD8C-4A99-BC2F-7D7194167C42}
		{0C308ABC-9118-4CE9-89F9-29D80EB77FEF} = {F9604F37-FFC3-4DFD-8258-8C0B68FD8BB8}
		{F5EB5FF1-1011-4876-8178-6DAC1307BA60} = {C011EA3F-8BE6-4B4F-BE7F-E57000E2504F}
		{5C501729-D802-4253-AC6F-37A145CF1B5B} = {1FE9E9CB-1B73-4B22-BC6F-0FFBFAC5F87C}
		{1FE9E9CB-1B73-4B22-BC6F-0FFBFAC5F87C} = {C5038128-3B5D-4E19-A9B3-847DA9E3A085}
		{7CFE6516-6E88-4CD7-A886-B851E102531D} = {1FE9E9CB-1B73-4B22-BC6F-0FFBFAC5F87C}
		{4BF19CEF-0574-4B61-8D1C-65D870FC264C} = {C5038128-3B5D-4E19-A9B3-847DA9E3A085}
		{52EB57BE-331B-411F-ABD1-4147CE73CA92} = {4BF19CEF-0574-4B61-8D1C-65D870FC264C}
		{D91FDFB5-D23A-4F52-9694-C7B1FBBD5970} = {289DAE67-1617-467E-A330-9AE57D384231}
		{7DC09B90-E2A6-41BF-A7DC-B411514BC719} = {D91FDFB5-D23A-4F52-9694-C7B1FBBD5970}
		{C6A1E8D5-806F-452F-9B34-5A38C123F753} = {7DC09B90-E2A6-41BF-A7DC-B411514BC719}
		{810C4F53-81DC-43AB-8D68-337CE46787CF} = {7DC09B90-E2A6-41BF-A7DC-B411514BC719}
		{977D9AC2-0100-4014-B842-89F48F9F94D2} = {289DAE67-1617-467E-A330-9AE57D384231}
		{23865BA1-8DD9-46AC-AD68-8949C33C1315} = {977D9AC2-0100-4014-B842-89F48F9F94D2}
		{DC86798B-027F-48E9-B900-6E27EA9370A6} = {E010C51B-0171-4E74-9ACD-43CAD2A97107}
		{3AEA534C-C624-4C0F-BE39-74F3F62EF399} = {C011EA3F-8BE6-4B4F-BE7F-E57000E2504F}
		{26A0AE68-B42F-41D8-84AB-F9D9EEC55186} = {3AEA534C-C624-4C0F-BE39-74F3F62EF399}
		{71EFF747-C2EC-4066-B4DF-996001E1A8B0} = {3AEA534C-C624-4C0F-BE39-74F3F62EF399}
		{E92BFC0C-240E-45FE-A7D1-36A4CCF9E0C8} = {3AEA534C-C624-4C0F-BE39-74F3F62EF399}
	EndGlobalSection
	GlobalSection(ExtensibilityGlobals) = postSolution
		SolutionGuid = {D5224877-92FE-4EE7-833A-2709860D55FD}
	EndGlobalSection
EndGlobal
